// !$*UTF8*$!
{
	archiveVersion = 1;
	classes = {
	};
	objectVersion = 46;
	objects = {

/* Begin PBXBuildFile section */
		73F59436365FC77AB73DA365 /* Pods_test.framework in Frameworks */ = {isa = PBXBuildFile; fileRef = C9A6E54AF8393DBD976FA659 /* Pods_test.framework */; };
		842CAE2E1EB1C1780033B238 /* AppDelegate.swift in Sources */ = {isa = PBXBuildFile; fileRef = 842CAE2D1EB1C1780033B238 /* AppDelegate.swift */; };
		842CAE301EB1C1780033B238 /* ViewController.swift in Sources */ = {isa = PBXBuildFile; fileRef = 842CAE2F1EB1C1780033B238 /* ViewController.swift */; };
		842CAE331EB1C1780033B238 /* Main.storyboard in Resources */ = {isa = PBXBuildFile; fileRef = 842CAE311EB1C1780033B238 /* Main.storyboard */; };
		842CAE351EB1C1780033B238 /* Assets.xcassets in Resources */ = {isa = PBXBuildFile; fileRef = 842CAE341EB1C1780033B238 /* Assets.xcassets */; };
		842CAE381EB1C1780033B238 /* LaunchScreen.storyboard in Resources */ = {isa = PBXBuildFile; fileRef = 842CAE361EB1C1780033B238 /* LaunchScreen.storyboard */; };
		845387441EB1FE74006E688F /* MyView.swift in Sources */ = {isa = PBXBuildFile; fileRef = 845387431EB1FE74006E688F /* MyView.swift */; };
/* End PBXBuildFile section */

/* Begin PBXFileReference section */
		842CAE2A1EB1C1780033B238 /* test.app */ = {isa = PBXFileReference; explicitFileType = wrapper.application; includeInIndex = 0; path = test.app; sourceTree = BUILT_PRODUCTS_DIR; };
		842CAE2D1EB1C1780033B238 /* AppDelegate.swift */ = {isa = PBXFileReference; lastKnownFileType = sourcecode.swift; path = AppDelegate.swift; sourceTree = "<group>"; };
		842CAE2F1EB1C1780033B238 /* ViewController.swift */ = {isa = PBXFileReference; lastKnownFileType = sourcecode.swift; path = ViewController.swift; sourceTree = "<group>"; };
		842CAE321EB1C1780033B238 /* Base */ = {isa = PBXFileReference; lastKnownFileType = file.storyboard; name = Base; path = Base.lproj/Main.storyboard; sourceTree = "<group>"; };
		842CAE341EB1C1780033B238 /* Assets.xcassets */ = {isa = PBXFileReference; lastKnownFileType = folder.assetcatalog; path = Assets.xcassets; sourceTree = "<group>"; };
		842CAE371EB1C1780033B238 /* Base */ = {isa = PBXFileReference; lastKnownFileType = file.storyboard; name = Base; path = Base.lproj/LaunchScreen.storyboard; sourceTree = "<group>"; };
		842CAE391EB1C1780033B238 /* Info.plist */ = {isa = PBXFileReference; lastKnownFileType = text.plist.xml; path = Info.plist; sourceTree = "<group>"; };
		845387431EB1FE74006E688F /* MyView.swift */ = {isa = PBXFileReference; fileEncoding = 4; lastKnownFileType = sourcecode.swift; path = MyView.swift; sourceTree = "<group>"; };
		A1C25DED3F72E89C47550122 /* Pods-test.release.xcconfig */ = {isa = PBXFileReference; includeInIndex = 1; lastKnownFileType = text.xcconfig; name = "Pods-test.release.xcconfig"; path = "Pods/Target Support Files/Pods-test/Pods-test.release.xcconfig"; sourceTree = "<group>"; };
		C9A6E54AF8393DBD976FA659 /* Pods_test.framework */ = {isa = PBXFileReference; explicitFileType = wrapper.framework; includeInIndex = 0; path = Pods_test.framework; sourceTree = BUILT_PRODUCTS_DIR; };
		F40DDC84A3AED2E636E3F196 /* Pods-test.debug.xcconfig */ = {isa = PBXFileReference; includeInIndex = 1; lastKnownFileType = text.xcconfig; name = "Pods-test.debug.xcconfig"; path = "Pods/Target Support Files/Pods-test/Pods-test.debug.xcconfig"; sourceTree = "<group>"; };
/* End PBXFileReference section */

/* Begin PBXFrameworksBuildPhase section */
		842CAE271EB1C1780033B238 /* Frameworks */ = {
			isa = PBXFrameworksBuildPhase;
			buildActionMask = 2147483647;
			files = (
				73F59436365FC77AB73DA365 /* Pods_test.framework in Frameworks */,
			);
			runOnlyForDeploymentPostprocessing = 0;
		};
/* End PBXFrameworksBuildPhase section */

/* Begin PBXGroup section */
		156C9CC61DBF8477C4D02106 /* Pods */ = {
			isa = PBXGroup;
			children = (
				F40DDC84A3AED2E636E3F196 /* Pods-test.debug.xcconfig */,
				A1C25DED3F72E89C47550122 /* Pods-test.release.xcconfig */,
			);
			name = Pods;
			sourceTree = "<group>";
		};
		842CAE211EB1C1780033B238 = {
			isa = PBXGroup;
			children = (
				842CAE2C1EB1C1780033B238 /* test */,
				842CAE2B1EB1C1780033B238 /* Products */,
				156C9CC61DBF8477C4D02106 /* Pods */,
				DDC5E905FFB5E14D4170D795 /* Frameworks */,
			);
			sourceTree = "<group>";
		};
		842CAE2B1EB1C1780033B238 /* Products */ = {
			isa = PBXGroup;
			children = (
				842CAE2A1EB1C1780033B238 /* test.app */,
			);
			name = Products;
			sourceTree = "<group>";
		};
		842CAE2C1EB1C1780033B238 /* test */ = {
			isa = PBXGroup;
			children = (
				842CAE2D1EB1C1780033B238 /* AppDelegate.swift */,
				842CAE2F1EB1C1780033B238 /* ViewController.swift */,
				842CAE311EB1C1780033B238 /* Main.storyboard */,
				842CAE341EB1C1780033B238 /* Assets.xcassets */,
				842CAE361EB1C1780033B238 /* LaunchScreen.storyboard */,
				842CAE391EB1C1780033B238 /* Info.plist */,
				845387431EB1FE74006E688F /* MyView.swift */,
			);
			path = test;
			sourceTree = "<group>";
		};
		DDC5E905FFB5E14D4170D795 /* Frameworks */ = {
			isa = PBXGroup;
			children = (
				C9A6E54AF8393DBD976FA659 /* Pods_test.framework */,
			);
			name = Frameworks;
			sourceTree = "<group>";
		};
/* End PBXGroup section */

/* Begin PBXNativeTarget section */
		842CAE291EB1C1780033B238 /* test */ = {
			isa = PBXNativeTarget;
			buildConfigurationList = 842CAE3C1EB1C1780033B238 /* Build configuration list for PBXNativeTarget "test" */;
			buildPhases = (
				92D17A285BF4FE31D15D2690 /* [CP] Check Pods Manifest.lock */,
				842CAE261EB1C1780033B238 /* Sources */,
				842CAE271EB1C1780033B238 /* Frameworks */,
				842CAE281EB1C1780033B238 /* Resources */,
				5B8A2E2FBFA11E999EB2FEFA /* [CP] Embed Pods Frameworks */,
				448FD2EFE04427C9640CC8DD /* [CP] Copy Pods Resources */,
			);
			buildRules = (
			);
			dependencies = (
			);
			name = test;
			productName = test;
			productReference = 842CAE2A1EB1C1780033B238 /* test.app */;
			productType = "com.apple.product-type.application";
		};
/* End PBXNativeTarget section */

/* Begin PBXProject section */
		842CAE221EB1C1780033B238 /* Project object */ = {
			isa = PBXProject;
			attributes = {
				LastSwiftUpdateCheck = 0830;
				LastUpgradeCheck = 0830;
				ORGANIZATIONNAME = Admintrst;
				TargetAttributes = {
					842CAE291EB1C1780033B238 = {
						CreatedOnToolsVersion = 8.3;
						DevelopmentTeam = 8274PM88D9;
						ProvisioningStyle = Automatic;
					};
				};
			};
			buildConfigurationList = 842CAE251EB1C1780033B238 /* Build configuration list for PBXProject "test" */;
			compatibilityVersion = "Xcode 3.2";
			developmentRegion = English;
			hasScannedForEncodings = 0;
			knownRegions = (
				en,
				Base,
			);
			mainGroup = 842CAE211EB1C1780033B238;
			productRefGroup = 842CAE2B1EB1C1780033B238 /* Products */;
			projectDirPath = "";
			projectRoot = "";
			targets = (
				842CAE291EB1C1780033B238 /* test */,
			);
		};
/* End PBXProject section */

/* Begin PBXResourcesBuildPhase section */
		842CAE281EB1C1780033B238 /* Resources */ = {
			isa = PBXResourcesBuildPhase;
			buildActionMask = 2147483647;
			files = (
				842CAE381EB1C1780033B238 /* LaunchScreen.storyboard in Resources */,
				842CAE351EB1C1780033B238 /* Assets.xcassets in Resources */,
				842CAE331EB1C1780033B238 /* Main.storyboard in Resources */,
			);
			runOnlyForDeploymentPostprocessing = 0;
		};
/* End PBXResourcesBuildPhase section */

/* Begin PBXShellScriptBuildPhase section */
		448FD2EFE04427C9640CC8DD /* [CP] Copy Pods Resources */ = {
			isa = PBXShellScriptBuildPhase;
			buildActionMask = 2147483647;
			files = (
			);
			inputPaths = (
			);
			name = "[CP] Copy Pods Resources";
			outputPaths = (
			);
			runOnlyForDeploymentPostprocessing = 0;
			shellPath = /bin/sh;
			shellScript = "\"${SRCROOT}/Pods/Target Support Files/Pods-test/Pods-test-resources.sh\"\n";
			showEnvVarsInLog = 0;
		};
		5B8A2E2FBFA11E999EB2FEFA /* [CP] Embed Pods Frameworks */ = {
			isa = PBXShellScriptBuildPhase;
			buildActionMask = 2147483647;
			files = (
			);
			inputPaths = (
			);
			name = "[CP] Embed Pods Frameworks";
			outputPaths = (
			);
			runOnlyForDeploymentPostprocessing = 0;
			shellPath = /bin/sh;
			shellScript = "\"${SRCROOT}/Pods/Target Support Files/Pods-test/Pods-test-frameworks.sh\"\n";
			showEnvVarsInLog = 0;
		};
		92D17A285BF4FE31D15D2690 /* [CP] Check Pods Manifest.lock */ = {
			isa = PBXShellScriptBuildPhase;
			buildActionMask = 2147483647;
			files = (
			);
			inputPaths = (
			);
			name = "[CP] Check Pods Manifest.lock";
			outputPaths = (
			);
			runOnlyForDeploymentPostprocessing = 0;
			shellPath = /bin/sh;
			shellScript = "diff \"${PODS_PODFILE_DIR_PATH}/Podfile.lock\" \"${PODS_ROOT}/Manifest.lock\" > /dev/null\nif [ $? != 0 ] ; then\n    # print error to STDERR\n    echo \"error: The sandbox is not in sync with the Podfile.lock. Run 'pod install' or update your CocoaPods installation.\" >&2\n    exit 1\nfi\n";
			showEnvVarsInLog = 0;
		};
/* End PBXShellScriptBuildPhase section */

/* Begin PBXSourcesBuildPhase section */
		842CAE261EB1C1780033B238 /* Sources */ = {
			isa = PBXSourcesBuildPhase;
			buildActionMask = 2147483647;
			files = (
				845387441EB1FE74006E688F /* MyView.swift in Sources */,
				842CAE301EB1C1780033B238 /* ViewController.swift in Sources */,
				842CAE2E1EB1C1780033B238 /* AppDelegate.swift in Sources */,
			);
			runOnlyForDeploymentPostprocessing = 0;
		};
/* End PBXSourcesBuildPhase section */

/* Begin PBXVariantGroup section */
		842CAE311EB1C1780033B238 /* Main.storyboard */ = {
			isa = PBXVariantGroup;
			children = (
				842CAE321EB1C1780033B238 /* Base */,
			);
			name = Main.storyboard;
			sourceTree = "<group>";
		};
		842CAE361EB1C1780033B238 /* LaunchScreen.storyboard */ = {
			isa = PBXVariantGroup;
			children = (
				842CAE371EB1C1780033B238 /* Base */,
			);
			name = LaunchScreen.storyboard;
			sourceTree = "<group>";
		};
/* End PBXVariantGroup section */

/* Begin XCBuildConfiguration section */
		842CAE3A1EB1C1780033B238 /* Debug */ = {
			isa = XCBuildConfiguration;
			buildSettings = {
				ALWAYS_SEARCH_USER_PATHS = NO;
				CLANG_ANALYZER_NONNULL = YES;
				CLANG_ANALYZER_NUMBER_OBJECT_CONVERSION = YES_AGGRESSIVE;
				CLANG_CXX_LANGUAGE_STANDARD = "gnu++0x";
				CLANG_CXX_LIBRARY = "libc++";
				CLANG_ENABLE_MODULES = YES;
				CLANG_ENABLE_OBJC_ARC = YES;
				CLANG_WARN_BOOL_CONVERSION = YES;
				CLANG_WARN_CONSTANT_CONVERSION = YES;
				CLANG_WARN_DIRECT_OBJC_ISA_USAGE = YES_ERROR;
				CLANG_WARN_DOCUMENTATION_COMMENTS = YES;
				CLANG_WARN_EMPTY_BODY = YES;
				CLANG_WARN_ENUM_CONVERSION = YES;
				CLANG_WARN_INFINITE_RECURSION = YES;
				CLANG_WARN_INT_CONVERSION = YES;
				CLANG_WARN_OBJC_ROOT_CLASS = YES_ERROR;
				CLANG_WARN_SUSPICIOUS_MOVE = YES;
				CLANG_WARN_UNREACHABLE_CODE = YES;
				CLANG_WARN__DUPLICATE_METHOD_MATCH = YES;
				"CODE_SIGN_IDENTITY[sdk=iphoneos*]" = "iPhone Developer";
				COPY_PHASE_STRIP = NO;
				DEBUG_INFORMATION_FORMAT = dwarf;
				ENABLE_STRICT_OBJC_MSGSEND = YES;
				ENABLE_TESTABILITY = YES;
				GCC_C_LANGUAGE_STANDARD = gnu99;
				GCC_DYNAMIC_NO_PIC = NO;
				GCC_NO_COMMON_BLOCKS = YES;
				GCC_OPTIMIZATION_LEVEL = 0;
				GCC_PREPROCESSOR_DEFINITIONS = (
					"DEBUG=1",
					"$(inherited)",
				);
				GCC_WARN_64_TO_32_BIT_CONVERSION = YES;
				GCC_WARN_ABOUT_RETURN_TYPE = YES_ERROR;
				GCC_WARN_UNDECLARED_SELECTOR = YES;
				GCC_WARN_UNINITIALIZED_AUTOS = YES_AGGRESSIVE;
				GCC_WARN_UNUSED_FUNCTION = YES;
				GCC_WARN_UNUSED_VARIABLE = YES;
				IPHONEOS_DEPLOYMENT_TARGET = 10.3;
				MTL_ENABLE_DEBUG_INFO = YES;
				ONLY_ACTIVE_ARCH = YES;
				SDKROOT = iphoneos;
				SWIFT_ACTIVE_COMPILATION_CONDITIONS = DEBUG;
				SWIFT_OPTIMIZATION_LEVEL = "-Onone";
				TARGETED_DEVICE_FAMILY = "1,2";
			};
			name = Debug;
		};
		842CAE3B1EB1C1780033B238 /* Release */ = {
			isa = XCBuildConfiguration;
			buildSettings = {
				ALWAYS_SEARCH_USER_PATHS = NO;
				CLANG_ANALYZER_NONNULL = YES;
				CLANG_ANALYZER_NUMBER_OBJECT_CONVERSION = YES_AGGRESSIVE;
				CLANG_CXX_LANGUAGE_STANDARD = "gnu++0x";
				CLANG_CXX_LIBRARY = "libc++";
				CLANG_ENABLE_MODULES = YES;
				CLANG_ENABLE_OBJC_ARC = YES;
				CLANG_WARN_BOOL_CONVERSION = YES;
				CLANG_WARN_CONSTANT_CONVERSION = YES;
				CLANG_WARN_DIRECT_OBJC_ISA_USAGE = YES_ERROR;
				CLANG_WARN_DOCUMENTATION_COMMENTS = YES;
				CLANG_WARN_EMPTY_BODY = YES;
				CLANG_WARN_ENUM_CONVERSION = YES;
				CLANG_WARN_INFINITE_RECURSION = YES;
				CLANG_WARN_INT_CONVERSION = YES;
				CLANG_WARN_OBJC_ROOT_CLASS = YES_ERROR;
				CLANG_WARN_SUSPICIOUS_MOVE = YES;
				CLANG_WARN_UNREACHABLE_CODE = YES;
				CLANG_WARN__DUPLICATE_METHOD_MATCH = YES;
				"CODE_SIGN_IDENTITY[sdk=iphoneos*]" = "iPhone Developer";
				COPY_PHASE_STRIP = NO;
				DEBUG_INFORMATION_FORMAT = "dwarf-with-dsym";
				ENABLE_NS_ASSERTIONS = NO;
				ENABLE_STRICT_OBJC_MSGSEND = YES;
				GCC_C_LANGUAGE_STANDARD = gnu99;
				GCC_NO_COMMON_BLOCKS = YES;
				GCC_WARN_64_TO_32_BIT_CONVERSION = YES;
				GCC_WARN_ABOUT_RETURN_TYPE = YES_ERROR;
				GCC_WARN_UNDECLARED_SELECTOR = YES;
				GCC_WARN_UNINITIALIZED_AUTOS = YES_AGGRESSIVE;
				GCC_WARN_UNUSED_FUNCTION = YES;
				GCC_WARN_UNUSED_VARIABLE = YES;
				IPHONEOS_DEPLOYMENT_TARGET = 10.3;
				MTL_ENABLE_DEBUG_INFO = NO;
				SDKROOT = iphoneos;
				SWIFT_OPTIMIZATION_LEVEL = "-Owholemodule";
				TARGETED_DEVICE_FAMILY = "1,2";
				VALIDATE_PRODUCT = YES;
			};
			name = Release;
		};
		842CAE3D1EB1C1780033B238 /* Debug */ = {
			isa = XCBuildConfiguration;
			baseConfigurationReference = F40DDC84A3AED2E636E3F196 /* Pods-test.debug.xcconfig */;
			buildSettings = {
				ASSETCATALOG_COMPILER_APPICON_NAME = AppIcon;
				DEVELOPMENT_TEAM = 8274PM88D9;
				INFOPLIST_FILE = test/Info.plist;
				IPHONEOS_DEPLOYMENT_TARGET = 10.0;
				LD_RUNPATH_SEARCH_PATHS = "$(inherited) @executable_path/Frameworks";
				PRODUCT_BUNDLE_IDENTIFIER = com.andrei.md2.test;
				PRODUCT_NAME = "$(TARGET_NAME)";
				SWIFT_VERSION = 3.0;
			};
			name = Debug;
		};
		842CAE3E1EB1C1780033B238 /* Release */ = {
			isa = XCBuildConfiguration;
			baseConfigurationReference = A1C25DED3F72E89C47550122 /* Pods-test.release.xcconfig */;
			buildSettings = {
				ASSETCATALOG_COMPILER_APPICON_NAME = AppIcon;
				DEVELOPMENT_TEAM = 8274PM88D9;
				INFOPLIST_FILE = test/Info.plist;
				IPHONEOS_DEPLOYMENT_TARGET = 10.0;
				LD_RUNPATH_SEARCH_PATHS = "$(inherited) @executable_path/Frameworks";
				PRODUCT_BUNDLE_IDENTIFIER = com.andrei.md2.test;
				PRODUCT_NAME = "$(TARGET_NAME)";
				SWIFT_VERSION = 3.0;
			};
			name = Release;
		};
/* End XCBuildConfiguration section */

/* Begin XCConfigurationList section */
		842CAE251EB1C1780033B238 /* Build configuration list for PBXProject "test" */ = {
			isa = XCConfigurationList;
			buildConfigurations = (
				842CAE3A1EB1C1780033B238 /* Debug */,
				842CAE3B1EB1C1780033B238 /* Release */,
			);
			defaultConfigurationIsVisible = 0;
			defaultConfigurationName = Release;
		};
		842CAE3C1EB1C1780033B238 /* Build configuration list for PBXNativeTarget "test" */ = {
			isa = XCConfigurationList;
			buildConfigurations = (
				842CAE3D1EB1C1780033B238 /* Debug */,
				842CAE3E1EB1C1780033B238 /* Release */,
			);
			defaultConfigurationIsVisible = 0;
			defaultConfigurationName = Release;
		};
/* End XCConfigurationList section */
	};
	rootObject = 842CAE221EB1C1780033B238 /* Project object */;
}
