// !$*UTF8*$!
{
	archiveVersion = 1;
	classes = {
	};
	objectVersion = 46;
	objects = {

/* Begin PBXBuildFile section */
		84CE6F941EA5E7DC001F6E96 /* main.swift in Sources */ = {isa = PBXBuildFile; fileRef = 84CE6F931EA5E7DC001F6E96 /* main.swift */; };
		84CE6F9B1EA5E842001F6E96 /* Color.swift in Sources */ = {isa = PBXBuildFile; fileRef = 84CE6F9A1EA5E842001F6E96 /* Color.swift */; };
		84CE6F9D1EA5E98A001F6E96 /* Value.swift in Sources */ = {isa = PBXBuildFile; fileRef = 84CE6F9C1EA5E98A001F6E96 /* Value.swift */; };
		84CE6F9F1EA5EB8D001F6E96 /* Card.swift in Sources */ = {isa = PBXBuildFile; fileRef = 84CE6F9E1EA5EB8D001F6E96 /* Card.swift */; };
		84CE6FA11EA5F5B7001F6E96 /* Deck.swift in Sources */ = {isa = PBXBuildFile; fileRef = 84CE6FA01EA5F5B7001F6E96 /* Deck.swift */; };
/* End PBXBuildFile section */

/* Begin PBXCopyFilesBuildPhase section */
		84CE6F8E1EA5E7DC001F6E96 /* CopyFiles */ = {
			isa = PBXCopyFilesBuildPhase;
			buildActionMask = 2147483647;
			dstPath = /usr/share/man/man1/;
			dstSubfolderSpec = 0;
			files = (
			);
			runOnlyForDeploymentPostprocessing = 1;
		};
/* End PBXCopyFilesBuildPhase section */

/* Begin PBXFileReference section */
		84CE6F901EA5E7DC001F6E96 /* test */ = {isa = PBXFileReference; explicitFileType = "compiled.mach-o.executable"; includeInIndex = 0; path = test; sourceTree = BUILT_PRODUCTS_DIR; };
		84CE6F931EA5E7DC001F6E96 /* main.swift */ = {isa = PBXFileReference; lastKnownFileType = sourcecode.swift; path = main.swift; sourceTree = "<group>"; };
		84CE6F9A1EA5E842001F6E96 /* Color.swift */ = {isa = PBXFileReference; fileEncoding = 4; lastKnownFileType = sourcecode.swift; path = Color.swift; sourceTree = "<group>"; };
		84CE6F9C1EA5E98A001F6E96 /* Value.swift */ = {isa = PBXFileReference; fileEncoding = 4; lastKnownFileType = sourcecode.swift; path = Value.swift; sourceTree = "<group>"; };
		84CE6F9E1EA5EB8D001F6E96 /* Card.swift */ = {isa = PBXFileReference; fileEncoding = 4; lastKnownFileType = sourcecode.swift; path = Card.swift; sourceTree = "<group>"; };
		84CE6FA01EA5F5B7001F6E96 /* Deck.swift */ = {isa = PBXFileReference; fileEncoding = 4; lastKnownFileType = sourcecode.swift; path = Deck.swift; sourceTree = "<group>"; };
/* End PBXFileReference section */

/* Begin PBXFrameworksBuildPhase section */
		84CE6F8D1EA5E7DC001F6E96 /* Frameworks */ = {
			isa = PBXFrameworksBuildPhase;
			buildActionMask = 2147483647;
			files = (
			);
			runOnlyForDeploymentPostprocessing = 0;
		};
/* End PBXFrameworksBuildPhase section */

/* Begin PBXGroup section */
		84CE6F871EA5E7DC001F6E96 = {
			isa = PBXGroup;
			children = (
				84CE6F921EA5E7DC001F6E96 /* test */,
				84CE6F911EA5E7DC001F6E96 /* Products */,
			);
			sourceTree = "<group>";
		};
		84CE6F911EA5E7DC001F6E96 /* Products */ = {
			isa = PBXGroup;
			children = (
				84CE6F901EA5E7DC001F6E96 /* test */,
			);
			name = Products;
			sourceTree = "<group>";
		};
		84CE6F921EA5E7DC001F6E96 /* test */ = {
			isa = PBXGroup;
			children = (
				84CE6F931EA5E7DC001F6E96 /* main.swift */,
				84CE6F9A1EA5E842001F6E96 /* Color.swift */,
				84CE6F9C1EA5E98A001F6E96 /* Value.swift */,
				84CE6F9E1EA5EB8D001F6E96 /* Card.swift */,
				84CE6FA01EA5F5B7001F6E96 /* Deck.swift */,
			);
			path = test;
			sourceTree = "<group>";
		};
/* End PBXGroup section */

/* Begin PBXNativeTarget section */
		84CE6F8F1EA5E7DC001F6E96 /* test */ = {
			isa = PBXNativeTarget;
			buildConfigurationList = 84CE6F971EA5E7DC001F6E96 /* Build configuration list for PBXNativeTarget "test" */;
			buildPhases = (
				84CE6F8C1EA5E7DC001F6E96 /* Sources */,
				84CE6F8D1EA5E7DC001F6E96 /* Frameworks */,
				84CE6F8E1EA5E7DC001F6E96 /* CopyFiles */,
			);
			buildRules = (
			);
			dependencies = (
			);
			name = test;
			productName = test;
			productReference = 84CE6F901EA5E7DC001F6E96 /* test */;
			productType = "com.apple.product-type.tool";
		};
/* End PBXNativeTarget section */

/* Begin PBXProject section */
		84CE6F881EA5E7DC001F6E96 /* Project object */ = {
			isa = PBXProject;
			attributes = {
				LastSwiftUpdateCheck = 0830;
				LastUpgradeCheck = 0830;
				ORGANIZATIONNAME = Admintrst;
				TargetAttributes = {
					84CE6F8F1EA5E7DC001F6E96 = {
						CreatedOnToolsVersion = 8.3;
						DevelopmentTeam = 8274PM88D9;
						ProvisioningStyle = Automatic;
					};
				};
			};
			buildConfigurationList = 84CE6F8B1EA5E7DC001F6E96 /* Build configuration list for PBXProject "test" */;
			compatibilityVersion = "Xcode 3.2";
			developmentRegion = English;
			hasScannedForEncodings = 0;
			knownRegions = (
				en,
			);
			mainGroup = 84CE6F871EA5E7DC001F6E96;
			productRefGroup = 84CE6F911EA5E7DC001F6E96 /* Products */;
			projectDirPath = "";
			projectRoot = "";
			targets = (
				84CE6F8F1EA5E7DC001F6E96 /* test */,
			);
		};
/* End PBXProject section */

/* Begin PBXSourcesBuildPhase section */
		84CE6F8C1EA5E7DC001F6E96 /* Sources */ = {
			isa = PBXSourcesBuildPhase;
			buildActionMask = 2147483647;
			files = (
				84CE6F941EA5E7DC001F6E96 /* main.swift in Sources */,
				84CE6F9B1EA5E842001F6E96 /* Color.swift in Sources */,
				84CE6FA11EA5F5B7001F6E96 /* Deck.swift in Sources */,
				84CE6F9D1EA5E98A001F6E96 /* Value.swift in Sources */,
				84CE6F9F1EA5EB8D001F6E96 /* Card.swift in Sources */,
			);
			runOnlyForDeploymentPostprocessing = 0;
		};
/* End PBXSourcesBuildPhase section */

/* Begin XCBuildConfiguration section */
		84CE6F951EA5E7DC001F6E96 /* Debug */ = {
			isa = XCBuildConfiguration;
			buildSettings = {
				ALWAYS_SEARCH_USER_PATHS = NO;
				CLANG_ANALYZER_NONNULL = YES;
				CLANG_ANALYZER_NUMBER_OBJECT_CONVERSION = YES_AGGRESSIVE;
				CLANG_CXX_LANGUAGE_STANDARD = "gnu++0x";
				CLANG_CXX_LIBRARY = "libc++";
				CLANG_ENABLE_MODULES = YES;
				CLANG_ENABLE_OBJC_ARC = YES;
				CLANG_WARN_BOOL_CONVERSION = YES;
				CLANG_WARN_CONSTANT_CONVERSION = YES;
				CLANG_WARN_DIRECT_OBJC_ISA_USAGE = YES_ERROR;
				CLANG_WARN_DOCUMENTATION_COMMENTS = YES;
				CLANG_WARN_EMPTY_BODY = YES;
				CLANG_WARN_ENUM_CONVERSION = YES;
				CLANG_WARN_INFINITE_RECURSION = YES;
				CLANG_WARN_INT_CONVERSION = YES;
				CLANG_WARN_OBJC_ROOT_CLASS = YES_ERROR;
				CLANG_WARN_SUSPICIOUS_MOVE = YES;
				CLANG_WARN_UNREACHABLE_CODE = YES;
				CLANG_WARN__DUPLICATE_METHOD_MATCH = YES;
				CODE_SIGN_IDENTITY = "-";
				COPY_PHASE_STRIP = NO;
				DEBUG_INFORMATION_FORMAT = dwarf;
				ENABLE_STRICT_OBJC_MSGSEND = YES;
				ENABLE_TESTABILITY = YES;
				GCC_C_LANGUAGE_STANDARD = gnu99;
				GCC_DYNAMIC_NO_PIC = NO;
				GCC_NO_COMMON_BLOCKS = YES;
				GCC_OPTIMIZATION_LEVEL = 0;
				GCC_PREPROCESSOR_DEFINITIONS = (
					"DEBUG=1",
					"$(inherited)",
				);
				GCC_WARN_64_TO_32_BIT_CONVERSION = YES;
				GCC_WARN_ABOUT_RETURN_TYPE = YES_ERROR;
				GCC_WARN_UNDECLARED_SELECTOR = YES;
				GCC_WARN_UNINITIALIZED_AUTOS = YES_AGGRESSIVE;
				GCC_WARN_UNUSED_FUNCTION = YES;
				GCC_WARN_UNUSED_VARIABLE = YES;
				MACOSX_DEPLOYMENT_TARGET = 10.12;
				MTL_ENABLE_DEBUG_INFO = YES;
				ONLY_ACTIVE_ARCH = YES;
				SDKROOT = macosx;
				SWIFT_OPTIMIZATION_LEVEL = "-Onone";
			};
			name = Debug;
		};
		84CE6F961EA5E7DC001F6E96 /* Release */ = {
			isa = XCBuildConfiguration;
			buildSettings = {
				ALWAYS_SEARCH_USER_PATHS = NO;
				CLANG_ANALYZER_NONNULL = YES;
				CLANG_ANALYZER_NUMBER_OBJECT_CONVERSION = YES_AGGRESSIVE;
				CLANG_CXX_LANGUAGE_STANDARD = "gnu++0x";
				CLANG_CXX_LIBRARY = "libc++";
				CLANG_ENABLE_MODULES = YES;
				CLANG_ENABLE_OBJC_ARC = YES;
				CLANG_WARN_BOOL_CONVERSION = YES;
				CLANG_WARN_CONSTANT_CONVERSION = YES;
				CLANG_WARN_DIRECT_OBJC_ISA_USAGE = YES_ERROR;
				CLANG_WARN_DOCUMENTATION_COMMENTS = YES;
				CLANG_WARN_EMPTY_BODY = YES;
				CLANG_WARN_ENUM_CONVERSION = YES;
				CLANG_WARN_INFINITE_RECURSION = YES;
				CLANG_WARN_INT_CONVERSION = YES;
				CLANG_WARN_OBJC_ROOT_CLASS = YES_ERROR;
				CLANG_WARN_SUSPICIOUS_MOVE = YES;
				CLANG_WARN_UNREACHABLE_CODE = YES;
				CLANG_WARN__DUPLICATE_METHOD_MATCH = YES;
				CODE_SIGN_IDENTITY = "-";
				COPY_PHASE_STRIP = NO;
				DEBUG_INFORMATION_FORMAT = "dwarf-with-dsym";
				ENABLE_NS_ASSERTIONS = NO;
				ENABLE_STRICT_OBJC_MSGSEND = YES;
				GCC_C_LANGUAGE_STANDARD = gnu99;
				GCC_NO_COMMON_BLOCKS = YES;
				GCC_WARN_64_TO_32_BIT_CONVERSION = YES;
				GCC_WARN_ABOUT_RETURN_TYPE = YES_ERROR;
				GCC_WARN_UNDECLARED_SELECTOR = YES;
				GCC_WARN_UNINITIALIZED_AUTOS = YES_AGGRESSIVE;
				GCC_WARN_UNUSED_FUNCTION = YES;
				GCC_WARN_UNUSED_VARIABLE = YES;
				MACOSX_DEPLOYMENT_TARGET = 10.12;
				MTL_ENABLE_DEBUG_INFO = NO;
				SDKROOT = macosx;
			};
			name = Release;
		};
		84CE6F981EA5E7DC001F6E96 /* Debug */ = {
			isa = XCBuildConfiguration;
			buildSettings = {
				DEVELOPMENT_TEAM = 8274PM88D9;
				MACOSX_DEPLOYMENT_TARGET = 10.9;
				PRODUCT_NAME = "$(TARGET_NAME)";
				SWIFT_VERSION = 3.0;
			};
			name = Debug;
		};
		84CE6F991EA5E7DC001F6E96 /* Release */ = {
			isa = XCBuildConfiguration;
			buildSettings = {
				DEVELOPMENT_TEAM = 8274PM88D9;
				MACOSX_DEPLOYMENT_TARGET = 10.9;
				PRODUCT_NAME = "$(TARGET_NAME)";
				SWIFT_VERSION = 3.0;
			};
			name = Release;
		};
/* End XCBuildConfiguration section */

/* Begin XCConfigurationList section */
		84CE6F8B1EA5E7DC001F6E96 /* Build configuration list for PBXProject "test" */ = {
			isa = XCConfigurationList;
			buildConfigurations = (
				84CE6F951EA5E7DC001F6E96 /* Debug */,
				84CE6F961EA5E7DC001F6E96 /* Release */,
			);
			defaultConfigurationIsVisible = 0;
			defaultConfigurationName = Release;
		};
		84CE6F971EA5E7DC001F6E96 /* Build configuration list for PBXNativeTarget "test" */ = {
			isa = XCConfigurationList;
			buildConfigurations = (
				84CE6F981EA5E7DC001F6E96 /* Debug */,
				84CE6F991EA5E7DC001F6E96 /* Release */,
			);
			defaultConfigurationIsVisible = 0;
			defaultConfigurationName = Release;
		};
/* End XCConfigurationList section */
	};
	rootObject = 84CE6F881EA5E7DC001F6E96 /* Project object */;
}
