// !$*UTF8*$!
{
	archiveVersion = 1;
	classes = {
	};
	objectVersion = 46;
	objects = {

/* Begin PBXBuildFile section */
		842850FD1EA9001D006BFA83 /* AppDelegate.swift in Sources */ = {isa = PBXBuildFile; fileRef = 842850FC1EA9001D006BFA83 /* AppDelegate.swift */; };
		842850FF1EA9001D006BFA83 /* ViewController.swift in Sources */ = {isa = PBXBuildFile; fileRef = 842850FE1EA9001D006BFA83 /* ViewController.swift */; };
		842851021EA9001D006BFA83 /* Main.storyboard in Resources */ = {isa = PBXBuildFile; fileRef = 842851001EA9001D006BFA83 /* Main.storyboard */; };
		842851041EA9001D006BFA83 /* Assets.xcassets in Resources */ = {isa = PBXBuildFile; fileRef = 842851031EA9001D006BFA83 /* Assets.xcassets */; };
		842851071EA9001D006BFA83 /* LaunchScreen.storyboard in Resources */ = {isa = PBXBuildFile; fileRef = 842851051EA9001D006BFA83 /* LaunchScreen.storyboard */; };
		8428510F1EA901D4006BFA83 /* CollectionViewCell.swift in Sources */ = {isa = PBXBuildFile; fileRef = 8428510E1EA901D4006BFA83 /* CollectionViewCell.swift */; };
		84EF9C061EA9D0D000A3823A /* ImageController.swift in Sources */ = {isa = PBXBuildFile; fileRef = 84EF9C051EA9D0CF00A3823A /* ImageController.swift */; };
/* End PBXBuildFile section */

/* Begin PBXFileReference section */
		842850F91EA9001C006BFA83 /* test.app */ = {isa = PBXFileReference; explicitFileType = wrapper.application; includeInIndex = 0; path = test.app; sourceTree = BUILT_PRODUCTS_DIR; };
		842850FC1EA9001D006BFA83 /* AppDelegate.swift */ = {isa = PBXFileReference; lastKnownFileType = sourcecode.swift; path = AppDelegate.swift; sourceTree = "<group>"; };
		842850FE1EA9001D006BFA83 /* ViewController.swift */ = {isa = PBXFileReference; lastKnownFileType = sourcecode.swift; path = ViewController.swift; sourceTree = "<group>"; };
		842851011EA9001D006BFA83 /* Base */ = {isa = PBXFileReference; lastKnownFileType = file.storyboard; name = Base; path = Base.lproj/Main.storyboard; sourceTree = "<group>"; };
		842851031EA9001D006BFA83 /* Assets.xcassets */ = {isa = PBXFileReference; lastKnownFileType = folder.assetcatalog; path = Assets.xcassets; sourceTree = "<group>"; };
		842851061EA9001D006BFA83 /* Base */ = {isa = PBXFileReference; lastKnownFileType = file.storyboard; name = Base; path = Base.lproj/LaunchScreen.storyboard; sourceTree = "<group>"; };
		842851081EA9001D006BFA83 /* Info.plist */ = {isa = PBXFileReference; lastKnownFileType = text.plist.xml; path = Info.plist; sourceTree = "<group>"; };
		8428510E1EA901D4006BFA83 /* CollectionViewCell.swift */ = {isa = PBXFileReference; fileEncoding = 4; lastKnownFileType = sourcecode.swift; path = CollectionViewCell.swift; sourceTree = "<group>"; };
		84EF9C051EA9D0CF00A3823A /* ImageController.swift */ = {isa = PBXFileReference; fileEncoding = 4; lastKnownFileType = sourcecode.swift; path = ImageController.swift; sourceTree = "<group>"; };
/* End PBXFileReference section */

/* Begin PBXFrameworksBuildPhase section */
		842850F61EA9001C006BFA83 /* Frameworks */ = {
			isa = PBXFrameworksBuildPhase;
			buildActionMask = 2147483647;
			files = (
			);
			runOnlyForDeploymentPostprocessing = 0;
		};
/* End PBXFrameworksBuildPhase section */

/* Begin PBXGroup section */
		842850F01EA9001C006BFA83 = {
			isa = PBXGroup;
			children = (
				842850FB1EA9001D006BFA83 /* test */,
				842850FA1EA9001D006BFA83 /* Products */,
			);
			sourceTree = "<group>";
		};
		842850FA1EA9001D006BFA83 /* Products */ = {
			isa = PBXGroup;
			children = (
				842850F91EA9001C006BFA83 /* test.app */,
			);
			name = Products;
			sourceTree = "<group>";
		};
		842850FB1EA9001D006BFA83 /* test */ = {
			isa = PBXGroup;
			children = (
				842850FC1EA9001D006BFA83 /* AppDelegate.swift */,
				842850FE1EA9001D006BFA83 /* ViewController.swift */,
				842851001EA9001D006BFA83 /* Main.storyboard */,
				842851031EA9001D006BFA83 /* Assets.xcassets */,
				842851051EA9001D006BFA83 /* LaunchScreen.storyboard */,
				842851081EA9001D006BFA83 /* Info.plist */,
				8428510E1EA901D4006BFA83 /* CollectionViewCell.swift */,
				84EF9C051EA9D0CF00A3823A /* ImageController.swift */,
			);
			path = test;
			sourceTree = "<group>";
		};
/* End PBXGroup section */

/* Begin PBXNativeTarget section */
		842850F81EA9001C006BFA83 /* test */ = {
			isa = PBXNativeTarget;
			buildConfigurationList = 8428510B1EA9001D006BFA83 /* Build configuration list for PBXNativeTarget "test" */;
			buildPhases = (
				842850F51EA9001C006BFA83 /* Sources */,
				842850F61EA9001C006BFA83 /* Frameworks */,
				842850F71EA9001C006BFA83 /* Resources */,
			);
			buildRules = (
			);
			dependencies = (
			);
			name = test;
			productName = test;
			productReference = 842850F91EA9001C006BFA83 /* test.app */;
			productType = "com.apple.product-type.application";
		};
/* End PBXNativeTarget section */

/* Begin PBXProject section */
		842850F11EA9001C006BFA83 /* Project object */ = {
			isa = PBXProject;
			attributes = {
				LastSwiftUpdateCheck = 0830;
				LastUpgradeCheck = 0830;
				ORGANIZATIONNAME = Admintrst;
				TargetAttributes = {
					842850F81EA9001C006BFA83 = {
						CreatedOnToolsVersion = 8.3;
						DevelopmentTeam = 8274PM88D9;
						ProvisioningStyle = Automatic;
					};
				};
			};
			buildConfigurationList = 842850F41EA9001C006BFA83 /* Build configuration list for PBXProject "test" */;
			compatibilityVersion = "Xcode 3.2";
			developmentRegion = English;
			hasScannedForEncodings = 0;
			knownRegions = (
				en,
				Base,
			);
			mainGroup = 842850F01EA9001C006BFA83;
			productRefGroup = 842850FA1EA9001D006BFA83 /* Products */;
			projectDirPath = "";
			projectRoot = "";
			targets = (
				842850F81EA9001C006BFA83 /* test */,
			);
		};
/* End PBXProject section */

/* Begin PBXResourcesBuildPhase section */
		842850F71EA9001C006BFA83 /* Resources */ = {
			isa = PBXResourcesBuildPhase;
			buildActionMask = 2147483647;
			files = (
				842851071EA9001D006BFA83 /* LaunchScreen.storyboard in Resources */,
				842851041EA9001D006BFA83 /* Assets.xcassets in Resources */,
				842851021EA9001D006BFA83 /* Main.storyboard in Resources */,
			);
			runOnlyForDeploymentPostprocessing = 0;
		};
/* End PBXResourcesBuildPhase section */

/* Begin PBXSourcesBuildPhase section */
		842850F51EA9001C006BFA83 /* Sources */ = {
			isa = PBXSourcesBuildPhase;
			buildActionMask = 2147483647;
			files = (
				842850FF1EA9001D006BFA83 /* ViewController.swift in Sources */,
				842850FD1EA9001D006BFA83 /* AppDelegate.swift in Sources */,
				8428510F1EA901D4006BFA83 /* CollectionViewCell.swift in Sources */,
				84EF9C061EA9D0D000A3823A /* ImageController.swift in Sources */,
			);
			runOnlyForDeploymentPostprocessing = 0;
		};
/* End PBXSourcesBuildPhase section */

/* Begin PBXVariantGroup section */
		842851001EA9001D006BFA83 /* Main.storyboard */ = {
			isa = PBXVariantGroup;
			children = (
				842851011EA9001D006BFA83 /* Base */,
			);
			name = Main.storyboard;
			sourceTree = "<group>";
		};
		842851051EA9001D006BFA83 /* LaunchScreen.storyboard */ = {
			isa = PBXVariantGroup;
			children = (
				842851061EA9001D006BFA83 /* Base */,
			);
			name = LaunchScreen.storyboard;
			sourceTree = "<group>";
		};
/* End PBXVariantGroup section */

/* Begin XCBuildConfiguration section */
		842851091EA9001D006BFA83 /* Debug */ = {
			isa = XCBuildConfiguration;
			buildSettings = {
				ALWAYS_SEARCH_USER_PATHS = NO;
				CLANG_ANALYZER_NONNULL = YES;
				CLANG_ANALYZER_NUMBER_OBJECT_CONVERSION = YES_AGGRESSIVE;
				CLANG_CXX_LANGUAGE_STANDARD = "gnu++0x";
				CLANG_CXX_LIBRARY = "libc++";
				CLANG_ENABLE_MODULES = YES;
				CLANG_ENABLE_OBJC_ARC = YES;
				CLANG_WARN_BOOL_CONVERSION = YES;
				CLANG_WARN_CONSTANT_CONVERSION = YES;
				CLANG_WARN_DIRECT_OBJC_ISA_USAGE = YES_ERROR;
				CLANG_WARN_DOCUMENTATION_COMMENTS = YES;
				CLANG_WARN_EMPTY_BODY = YES;
				CLANG_WARN_ENUM_CONVERSION = YES;
				CLANG_WARN_INFINITE_RECURSION = YES;
				CLANG_WARN_INT_CONVERSION = YES;
				CLANG_WARN_OBJC_ROOT_CLASS = YES_ERROR;
				CLANG_WARN_SUSPICIOUS_MOVE = YES;
				CLANG_WARN_UNREACHABLE_CODE = YES;
				CLANG_WARN__DUPLICATE_METHOD_MATCH = YES;
				"CODE_SIGN_IDENTITY[sdk=iphoneos*]" = "iPhone Developer";
				COPY_PHASE_STRIP = NO;
				DEBUG_INFORMATION_FORMAT = dwarf;
				ENABLE_STRICT_OBJC_MSGSEND = YES;
				ENABLE_TESTABILITY = YES;
				GCC_C_LANGUAGE_STANDARD = gnu99;
				GCC_DYNAMIC_NO_PIC = NO;
				GCC_NO_COMMON_BLOCKS = YES;
				GCC_OPTIMIZATION_LEVEL = 0;
				GCC_PREPROCESSOR_DEFINITIONS = (
					"DEBUG=1",
					"$(inherited)",
				);
				GCC_WARN_64_TO_32_BIT_CONVERSION = YES;
				GCC_WARN_ABOUT_RETURN_TYPE = YES_ERROR;
				GCC_WARN_UNDECLARED_SELECTOR = YES;
				GCC_WARN_UNINITIALIZED_AUTOS = YES_AGGRESSIVE;
				GCC_WARN_UNUSED_FUNCTION = YES;
				GCC_WARN_UNUSED_VARIABLE = YES;
				IPHONEOS_DEPLOYMENT_TARGET = 10.3;
				MTL_ENABLE_DEBUG_INFO = YES;
				ONLY_ACTIVE_ARCH = YES;
				SDKROOT = iphoneos;
				SWIFT_ACTIVE_COMPILATION_CONDITIONS = DEBUG;
				SWIFT_OPTIMIZATION_LEVEL = "-Onone";
				TARGETED_DEVICE_FAMILY = "1,2";
			};
			name = Debug;
		};
		8428510A1EA9001D006BFA83 /* Release */ = {
			isa = XCBuildConfiguration;
			buildSettings = {
				ALWAYS_SEARCH_USER_PATHS = NO;
				CLANG_ANALYZER_NONNULL = YES;
				CLANG_ANALYZER_NUMBER_OBJECT_CONVERSION = YES_AGGRESSIVE;
				CLANG_CXX_LANGUAGE_STANDARD = "gnu++0x";
				CLANG_CXX_LIBRARY = "libc++";
				CLANG_ENABLE_MODULES = YES;
				CLANG_ENABLE_OBJC_ARC = YES;
				CLANG_WARN_BOOL_CONVERSION = YES;
				CLANG_WARN_CONSTANT_CONVERSION = YES;
				CLANG_WARN_DIRECT_OBJC_ISA_USAGE = YES_ERROR;
				CLANG_WARN_DOCUMENTATION_COMMENTS = YES;
				CLANG_WARN_EMPTY_BODY = YES;
				CLANG_WARN_ENUM_CONVERSION = YES;
				CLANG_WARN_INFINITE_RECURSION = YES;
				CLANG_WARN_INT_CONVERSION = YES;
				CLANG_WARN_OBJC_ROOT_CLASS = YES_ERROR;
				CLANG_WARN_SUSPICIOUS_MOVE = YES;
				CLANG_WARN_UNREACHABLE_CODE = YES;
				CLANG_WARN__DUPLICATE_METHOD_MATCH = YES;
				"CODE_SIGN_IDENTITY[sdk=iphoneos*]" = "iPhone Developer";
				COPY_PHASE_STRIP = NO;
				DEBUG_INFORMATION_FORMAT = "dwarf-with-dsym";
				ENABLE_NS_ASSERTIONS = NO;
				ENABLE_STRICT_OBJC_MSGSEND = YES;
				GCC_C_LANGUAGE_STANDARD = gnu99;
				GCC_NO_COMMON_BLOCKS = YES;
				GCC_WARN_64_TO_32_BIT_CONVERSION = YES;
				GCC_WARN_ABOUT_RETURN_TYPE = YES_ERROR;
				GCC_WARN_UNDECLARED_SELECTOR = YES;
				GCC_WARN_UNINITIALIZED_AUTOS = YES_AGGRESSIVE;
				GCC_WARN_UNUSED_FUNCTION = YES;
				GCC_WARN_UNUSED_VARIABLE = YES;
				IPHONEOS_DEPLOYMENT_TARGET = 10.3;
				MTL_ENABLE_DEBUG_INFO = NO;
				SDKROOT = iphoneos;
				SWIFT_OPTIMIZATION_LEVEL = "-Owholemodule";
				TARGETED_DEVICE_FAMILY = "1,2";
				VALIDATE_PRODUCT = YES;
			};
			name = Release;
		};
		8428510C1EA9001D006BFA83 /* Debug */ = {
			isa = XCBuildConfiguration;
			buildSettings = {
				ASSETCATALOG_COMPILER_APPICON_NAME = AppIcon;
				DEVELOPMENT_TEAM = 8274PM88D9;
				INFOPLIST_FILE = test/Info.plist;
				IPHONEOS_DEPLOYMENT_TARGET = 9.0;
				LD_RUNPATH_SEARCH_PATHS = "$(inherited) @executable_path/Frameworks";
				PRODUCT_BUNDLE_IDENTIFIER = com.andrei.md2.test;
				PRODUCT_NAME = "$(TARGET_NAME)";
				SWIFT_VERSION = 3.0;
			};
			name = Debug;
		};
		8428510D1EA9001D006BFA83 /* Release */ = {
			isa = XCBuildConfiguration;
			buildSettings = {
				ASSETCATALOG_COMPILER_APPICON_NAME = AppIcon;
				DEVELOPMENT_TEAM = 8274PM88D9;
				INFOPLIST_FILE = test/Info.plist;
				IPHONEOS_DEPLOYMENT_TARGET = 9.0;
				LD_RUNPATH_SEARCH_PATHS = "$(inherited) @executable_path/Frameworks";
				PRODUCT_BUNDLE_IDENTIFIER = com.andrei.md2.test;
				PRODUCT_NAME = "$(TARGET_NAME)";
				SWIFT_VERSION = 3.0;
			};
			name = Release;
		};
/* End XCBuildConfiguration section */

/* Begin XCConfigurationList section */
		842850F41EA9001C006BFA83 /* Build configuration list for PBXProject "test" */ = {
			isa = XCConfigurationList;
			buildConfigurations = (
				842851091EA9001D006BFA83 /* Debug */,
				8428510A1EA9001D006BFA83 /* Release */,
			);
			defaultConfigurationIsVisible = 0;
			defaultConfigurationName = Release;
		};
		8428510B1EA9001D006BFA83 /* Build configuration list for PBXNativeTarget "test" */ = {
			isa = XCConfigurationList;
			buildConfigurations = (
				8428510C1EA9001D006BFA83 /* Debug */,
				8428510D1EA9001D006BFA83 /* Release */,
			);
			defaultConfigurationIsVisible = 0;
			defaultConfigurationName = Release;
		};
/* End XCConfigurationList section */
	};
	rootObject = 842850F11EA9001C006BFA83 /* Project object */;
}
